
Microsoft Visual Studio Solution File, Format Version 12.00
# Visual Studio Version 16
VisualStudioVersion = 16.0.30204.135
MinimumVisualStudioVersion = 10.0.40219.1
Project("{FAE04EC0-301F-11D3-BF4B-00C04F79EFBC}") = "SqliteDapper.Demo", "SqliteDapper.Demo.csproj", "{D409B4A2-7994-4128-84DE-0C69B01E9CBA}"
EndProject
Global
	GlobalSection(SolutionConfigurationPlatforms) = preSolution
		Debug|Any CPU = Debug|Any CPU
		Release|Any CPU = Release|Any CPU
	EndGlobalSection
	GlobalSection(ProjectConfigurationPlatforms) = postSolution
		{D409B4A2-7994-4128-84DE-0C69B01E9CBA}.Debug|Any CPU.ActiveCfg = Debug|Any CPU
		{D409B4A2-7994-4128-84DE-0C69B01E9CBA}.Debug|Any CPU.Build.0 = Debug|Any CPU
		{D409B4A2-7994-4128-84DE-0C69B01E9CBA}.Release|Any CPU.ActiveCfg = Release|Any CPU
		{D409B4A2-7994-4128-84DE-0C69B01E9CBA}.Release|Any CPU.Build.0 = Release|Any CPU
	EndGlobalSection
	GlobalSection(SolutionProperties) = preSolution
		HideSolutionNode = FALSE
	EndGlobalSection
	GlobalSection(ExtensibilityGlobals) = postSolution
		SolutionGuid = {5DA55142-E37C-413D-ADE4-F1D988EB8DE8}
	EndGlobalSection
EndGlobal
